// !$*UTF8*$!
{
	archiveVersion = 1;
	classes = {
	};
	objectVersion = 46;
	objects = {

/* Begin PBXBuildFile section */
		6786AF1C1F57E2D400535140 /* main.m in Sources */ = {isa = PBXBuildFile; fileRef = 6786AF1B1F57E2D400535140 /* main.m */; };
		6786AF1F1F57E2D400535140 /* AppDelegate.m in Sources */ = {isa = PBXBuildFile; fileRef = 6786AF1E1F57E2D400535140 /* AppDelegate.m */; };
		6786AF221F57E2D400535140 /* ViewController.m in Sources */ = {isa = PBXBuildFile; fileRef = 6786AF211F57E2D400535140 /* ViewController.m */; };
		6786AF251F57E2D400535140 /* Main.storyboard in Resources */ = {isa = PBXBuildFile; fileRef = 6786AF231F57E2D400535140 /* Main.storyboard */; };
		6786AF271F57E2D400535140 /* Assets.xcassets in Resources */ = {isa = PBXBuildFile; fileRef = 6786AF261F57E2D400535140 /* Assets.xcassets */; };
		6786AF2A1F57E2D400535140 /* LaunchScreen.storyboard in Resources */ = {isa = PBXBuildFile; fileRef = 6786AF281F57E2D400535140 /* LaunchScreen.storyboard */; };
		6786AF351F57E2D400535140 /* ProgresssLineLayerDemoTests.m in Sources */ = {isa = PBXBuildFile; fileRef = 6786AF341F57E2D400535140 /* ProgresssLineLayerDemoTests.m */; };
		6786AF401F57E2D400535140 /* ProgresssLineLayerDemoUITests.m in Sources */ = {isa = PBXBuildFile; fileRef = 6786AF3F1F57E2D400535140 /* ProgresssLineLayerDemoUITests.m */; };
		6786AF4F1F57E30200535140 /* WKProgressBarLayer.m in Sources */ = {isa = PBXBuildFile; fileRef = 6786AF4E1F57E30200535140 /* WKProgressBarLayer.m */; };
/* End PBXBuildFile section */

/* Begin PBXContainerItemProxy section */
		6786AF311F57E2D400535140 /* PBXContainerItemProxy */ = {
			isa = PBXContainerItemProxy;
			containerPortal = 6786AF0F1F57E2D400535140 /* Project object */;
			proxyType = 1;
			remoteGlobalIDString = 6786AF161F57E2D400535140;
			remoteInfo = ProgresssLineLayerDemo;
		};
		6786AF3C1F57E2D400535140 /* PBXContainerItemProxy */ = {
			isa = PBXContainerItemProxy;
			containerPortal = 6786AF0F1F57E2D400535140 /* Project object */;
			proxyType = 1;
			remoteGlobalIDString = 6786AF161F57E2D400535140;
			remoteInfo = ProgresssLineLayerDemo;
		};
/* End PBXContainerItemProxy section */

/* Begin PBXFileReference section */
		6786AF171F57E2D400535140 /* ProgresssLineLayerDemo.app */ = {isa = PBXFileReference; explicitFileType = wrapper.application; includeInIndex = 0; path = ProgresssLineLayerDemo.app; sourceTree = BUILT_PRODUCTS_DIR; };
		6786AF1B1F57E2D400535140 /* main.m */ = {isa = PBXFileReference; lastKnownFileType = sourcecode.c.objc; path = main.m; sourceTree = "<group>"; };
		6786AF1D1F57E2D400535140 /* AppDelegate.h */ = {isa = PBXFileReference; lastKnownFileType = sourcecode.c.h; path = AppDelegate.h; sourceTree = "<group>"; };
		6786AF1E1F57E2D400535140 /* AppDelegate.m */ = {isa = PBXFileReference; lastKnownFileType = sourcecode.c.objc; path = AppDelegate.m; sourceTree = "<group>"; };
		6786AF201F57E2D400535140 /* ViewController.h */ = {isa = PBXFileReference; lastKnownFileType = sourcecode.c.h; path = ViewController.h; sourceTree = "<group>"; };
		6786AF211F57E2D400535140 /* ViewController.m */ = {isa = PBXFileReference; lastKnownFileType = sourcecode.c.objc; path = ViewController.m; sourceTree = "<group>"; };
		6786AF241F57E2D400535140 /* Base */ = {isa = PBXFileReference; lastKnownFileType = file.storyboard; name = Base; path = Base.lproj/Main.storyboard; sourceTree = "<group>"; };
		6786AF261F57E2D400535140 /* Assets.xcassets */ = {isa = PBXFileReference; lastKnownFileType = folder.assetcatalog; path = Assets.xcassets; sourceTree = "<group>"; };
		6786AF291F57E2D400535140 /* Base */ = {isa = PBXFileReference; lastKnownFileType = file.storyboard; name = Base; path = Base.lproj/LaunchScreen.storyboard; sourceTree = "<group>"; };
		6786AF2B1F57E2D400535140 /* Info.plist */ = {isa = PBXFileReference; lastKnownFileType = text.plist.xml; path = Info.plist; sourceTree = "<group>"; };
		6786AF301F57E2D400535140 /* ProgresssLineLayerDemoTests.xctest */ = {isa = PBXFileReference; explicitFileType = wrapper.cfbundle; includeInIndex = 0; path = ProgresssLineLayerDemoTests.xctest; sourceTree = BUILT_PRODUCTS_DIR; };
		6786AF341F57E2D400535140 /* ProgresssLineLayerDemoTests.m */ = {isa = PBXFileReference; lastKnownFileType = sourcecode.c.objc; path = ProgresssLineLayerDemoTests.m; sourceTree = "<group>"; };
		6786AF361F57E2D400535140 /* Info.plist */ = {isa = PBXFileReference; lastKnownFileType = text.plist.xml; path = Info.plist; sourceTree = "<group>"; };
		6786AF3B1F57E2D400535140 /* ProgresssLineLayerDemoUITests.xctest */ = {isa = PBXFileReference; explicitFileType = wrapper.cfbundle; includeInIndex = 0; path = ProgresssLineLayerDemoUITests.xctest; sourceTree = BUILT_PRODUCTS_DIR; };
		6786AF3F1F57E2D400535140 /* ProgresssLineLayerDemoUITests.m */ = {isa = PBXFileReference; lastKnownFileType = sourcecode.c.objc; path = ProgresssLineLayerDemoUITests.m; sourceTree = "<group>"; };
		6786AF411F57E2D400535140 /* Info.plist */ = {isa = PBXFileReference; lastKnownFileType = text.plist.xml; path = Info.plist; sourceTree = "<group>"; };
		6786AF4D1F57E30200535140 /* WKProgressBarLayer.h */ = {isa = PBXFileReference; fileEncoding = 4; lastKnownFileType = sourcecode.c.h; path = WKProgressBarLayer.h; sourceTree = "<group>"; };
		6786AF4E1F57E30200535140 /* WKProgressBarLayer.m */ = {isa = PBXFileReference; fileEncoding = 4; lastKnownFileType = sourcecode.c.objc; path = WKProgressBarLayer.m; sourceTree = "<group>"; };
/* End PBXFileReference section */

/* Begin PBXFrameworksBuildPhase section */
		6786AF141F57E2D400535140 /* Frameworks */ = {
			isa = PBXFrameworksBuildPhase;
			buildActionMask = 2147483647;
			files = (
			);
			runOnlyForDeploymentPostprocessing = 0;
		};
		6786AF2D1F57E2D400535140 /* Frameworks */ = {
			isa = PBXFrameworksBuildPhase;
			buildActionMask = 2147483647;
			files = (
			);
			runOnlyForDeploymentPostprocessing = 0;
		};
		6786AF381F57E2D400535140 /* Frameworks */ = {
			isa = PBXFrameworksBuildPhase;
			buildActionMask = 2147483647;
			files = (
			);
			runOnlyForDeploymentPostprocessing = 0;
		};
/* End PBXFrameworksBuildPhase section */

/* Begin PBXGroup section */
		6786AF0E1F57E2D400535140 = {
			isa = PBXGroup;
			children = (
				6786AF191F57E2D400535140 /* ProgresssLineLayerDemo */,
				6786AF331F57E2D400535140 /* ProgresssLineLayerDemoTests */,
				6786AF3E1F57E2D400535140 /* ProgresssLineLayerDemoUITests */,
				6786AF181F57E2D400535140 /* Products */,
			);
			sourceTree = "<group>";
		};
		6786AF181F57E2D400535140 /* Products */ = {
			isa = PBXGroup;
			children = (
				6786AF171F57E2D400535140 /* ProgresssLineLayerDemo.app */,
				6786AF301F57E2D400535140 /* ProgresssLineLayerDemoTests.xctest */,
				6786AF3B1F57E2D400535140 /* ProgresssLineLayerDemoUITests.xctest */,
			);
			name = Products;
			sourceTree = "<group>";
		};
		6786AF191F57E2D400535140 /* ProgresssLineLayerDemo */ = {
			isa = PBXGroup;
			children = (
				6786AF4D1F57E30200535140 /* WKProgressBarLayer.h */,
				6786AF4E1F57E30200535140 /* WKProgressBarLayer.m */,
				6786AF1D1F57E2D400535140 /* AppDelegate.h */,
				6786AF1E1F57E2D400535140 /* AppDelegate.m */,
				6786AF201F57E2D400535140 /* ViewController.h */,
				6786AF211F57E2D400535140 /* ViewController.m */,
				6786AF231F57E2D400535140 /* Main.storyboard */,
				6786AF261F57E2D400535140 /* Assets.xcassets */,
				6786AF281F57E2D400535140 /* LaunchScreen.storyboard */,
				6786AF2B1F57E2D400535140 /* Info.plist */,
				6786AF1A1F57E2D400535140 /* Supporting Files */,
			);
			path = ProgresssLineLayerDemo;
			sourceTree = "<group>";
		};
		6786AF1A1F57E2D400535140 /* Supporting Files */ = {
			isa = PBXGroup;
			children = (
				6786AF1B1F57E2D400535140 /* main.m */,
			);
			name = "Supporting Files";
			sourceTree = "<group>";
		};
		6786AF331F57E2D400535140 /* ProgresssLineLayerDemoTests */ = {
			isa = PBXGroup;
			children = (
				6786AF341F57E2D400535140 /* ProgresssLineLayerDemoTests.m */,
				6786AF361F57E2D400535140 /* Info.plist */,
			);
			path = ProgresssLineLayerDemoTests;
			sourceTree = "<group>";
		};
		6786AF3E1F57E2D400535140 /* ProgresssLineLayerDemoUITests */ = {
			isa = PBXGroup;
			children = (
				6786AF3F1F57E2D400535140 /* ProgresssLineLayerDemoUITests.m */,
				6786AF411F57E2D400535140 /* Info.plist */,
			);
			path = ProgresssLineLayerDemoUITests;
			sourceTree = "<group>";
		};
/* End PBXGroup section */

/* Begin PBXNativeTarget section */
		6786AF161F57E2D400535140 /* ProgresssLineLayerDemo */ = {
			isa = PBXNativeTarget;
			buildConfigurationList = 6786AF441F57E2D400535140 /* Build configuration list for PBXNativeTarget "ProgresssLineLayerDemo" */;
			buildPhases = (
				6786AF131F57E2D400535140 /* Sources */,
				6786AF141F57E2D400535140 /* Frameworks */,
				6786AF151F57E2D400535140 /* Resources */,
			);
			buildRules = (
			);
			dependencies = (
			);
			name = ProgresssLineLayerDemo;
			productName = ProgresssLineLayerDemo;
			productReference = 6786AF171F57E2D400535140 /* ProgresssLineLayerDemo.app */;
			productType = "com.apple.product-type.application";
		};
		6786AF2F1F57E2D400535140 /* ProgresssLineLayerDemoTests */ = {
			isa = PBXNativeTarget;
			buildConfigurationList = 6786AF471F57E2D400535140 /* Build configuration list for PBXNativeTarget "ProgresssLineLayerDemoTests" */;
			buildPhases = (
				6786AF2C1F57E2D400535140 /* Sources */,
				6786AF2D1F57E2D400535140 /* Frameworks */,
				6786AF2E1F57E2D400535140 /* Resources */,
			);
			buildRules = (
			);
			dependencies = (
				6786AF321F57E2D400535140 /* PBXTargetDependency */,
			);
			name = ProgresssLineLayerDemoTests;
			productName = ProgresssLineLayerDemoTests;
			productReference = 6786AF301F57E2D400535140 /* ProgresssLineLayerDemoTests.xctest */;
			productType = "com.apple.product-type.bundle.unit-test";
		};
		6786AF3A1F57E2D400535140 /* ProgresssLineLayerDemoUITests */ = {
			isa = PBXNativeTarget;
			buildConfigurationList = 6786AF4A1F57E2D400535140 /* Build configuration list for PBXNativeTarget "ProgresssLineLayerDemoUITests" */;
			buildPhases = (
				6786AF371F57E2D400535140 /* Sources */,
				6786AF381F57E2D400535140 /* Frameworks */,
				6786AF391F57E2D400535140 /* Resources */,
			);
			buildRules = (
			);
			dependencies = (
				6786AF3D1F57E2D400535140 /* PBXTargetDependency */,
			);
			name = ProgresssLineLayerDemoUITests;
			productName = ProgresssLineLayerDemoUITests;
			productReference = 6786AF3B1F57E2D400535140 /* ProgresssLineLayerDemoUITests.xctest */;
			productType = "com.apple.product-type.bundle.ui-testing";
		};
/* End PBXNativeTarget section */

/* Begin PBXProject section */
		6786AF0F1F57E2D400535140 /* Project object */ = {
			isa = PBXProject;
			attributes = {
				LastUpgradeCheck = 0830;
				ORGANIZATIONNAME = "世纪阳天";
				TargetAttributes = {
					6786AF161F57E2D400535140 = {
						CreatedOnToolsVersion = 8.3.3;
						ProvisioningStyle = Automatic;
					};
					6786AF2F1F57E2D400535140 = {
						CreatedOnToolsVersion = 8.3.3;
						ProvisioningStyle = Automatic;
						TestTargetID = 6786AF161F57E2D400535140;
					};
					6786AF3A1F57E2D400535140 = {
						CreatedOnToolsVersion = 8.3.3;
						ProvisioningStyle = Automatic;
						TestTargetID = 6786AF161F57E2D400535140;
					};
				};
			};
			buildConfigurationList = 6786AF121F57E2D400535140 /* Build configuration list for PBXProject "ProgresssLineLayerDemo" */;
			compatibilityVersion = "Xcode 3.2";
			developmentRegion = English;
			hasScannedForEncodings = 0;
			knownRegions = (
				en,
				Base,
			);
			mainGroup = 6786AF0E1F57E2D400535140;
			productRefGroup = 6786AF181F57E2D400535140 /* Products */;
			projectDirPath = "";
			projectRoot = "";
			targets = (
				6786AF161F57E2D400535140 /* ProgresssLineLayerDemo */,
				6786AF2F1F57E2D400535140 /* ProgresssLineLayerDemoTests */,
				6786AF3A1F57E2D400535140 /* ProgresssLineLayerDemoUITests */,
			);
		};
/* End PBXProject section */

/* Begin PBXResourcesBuildPhase section */
		6786AF151F57E2D400535140 /* Resources */ = {
			isa = PBXResourcesBuildPhase;
			buildActionMask = 2147483647;
			files = (
				6786AF2A1F57E2D400535140 /* LaunchScreen.storyboard in Resources */,
				6786AF271F57E2D400535140 /* Assets.xcassets in Resources */,
				6786AF251F57E2D400535140 /* Main.storyboard in Resources */,
			);
			runOnlyForDeploymentPostprocessing = 0;
		};
		6786AF2E1F57E2D400535140 /* Resources */ = {
			isa = PBXResourcesBuildPhase;
			buildActionMask = 2147483647;
			files = (
			);
			runOnlyForDeploymentPostprocessing = 0;
		};
		6786AF391F57E2D400535140 /* Resources */ = {
			isa = PBXResourcesBuildPhase;
			buildActionMask = 2147483647;
			files = (
			);
			runOnlyForDeploymentPostprocessing = 0;
		};
/* End PBXResourcesBuildPhase section */

/* Begin PBXSourcesBuildPhase section */
		6786AF131F57E2D400535140 /* Sources */ = {
			isa = PBXSourcesBuildPhase;
			buildActionMask = 2147483647;
			files = (
				6786AF4F1F57E30200535140 /* WKProgressBarLayer.m in Sources */,
				6786AF221F57E2D400535140 /* ViewController.m in Sources */,
				6786AF1F1F57E2D400535140 /* AppDelegate.m in Sources */,
				6786AF1C1F57E2D400535140 /* main.m in Sources */,
			);
			runOnlyForDeploymentPostprocessing = 0;
		};
		6786AF2C1F57E2D400535140 /* Sources */ = {
			isa = PBXSourcesBuildPhase;
			buildActionMask = 2147483647;
			files = (
				6786AF351F57E2D400535140 /* ProgresssLineLayerDemoTests.m in Sources */,
			);
			runOnlyForDeploymentPostprocessing = 0;
		};
		6786AF371F57E2D400535140 /* Sources */ = {
			isa = PBXSourcesBuildPhase;
			buildActionMask = 2147483647;
			files = (
				6786AF401F57E2D400535140 /* ProgresssLineLayerDemoUITests.m in Sources */,
			);
			runOnlyForDeploymentPostprocessing = 0;
		};
/* End PBXSourcesBuildPhase section */

/* Begin PBXTargetDependency section */
		6786AF321F57E2D400535140 /* PBXTargetDependency */ = {
			isa = PBXTargetDependency;
			target = 6786AF161F57E2D400535140 /* ProgresssLineLayerDemo */;
			targetProxy = 6786AF311F57E2D400535140 /* PBXContainerItemProxy */;
		};
		6786AF3D1F57E2D400535140 /* PBXTargetDependency */ = {
			isa = PBXTargetDependency;
			target = 6786AF161F57E2D400535140 /* ProgresssLineLayerDemo */;
			targetProxy = 6786AF3C1F57E2D400535140 /* PBXContainerItemProxy */;
		};
/* End PBXTargetDependency section */

/* Begin PBXVariantGroup section */
		6786AF231F57E2D400535140 /* Main.storyboard */ = {
			isa = PBXVariantGroup;
			children = (
				6786AF241F57E2D400535140 /* Base */,
			);
			name = Main.storyboard;
			sourceTree = "<group>";
		};
		6786AF281F57E2D400535140 /* LaunchScreen.storyboard */ = {
			isa = PBXVariantGroup;
			children = (
				6786AF291F57E2D400535140 /* Base */,
			);
			name = LaunchScreen.storyboard;
			sourceTree = "<group>";
		};
/* End PBXVariantGroup section */

/* Begin XCBuildConfiguration section */
		6786AF421F57E2D400535140 /* Debug */ = {
			isa = XCBuildConfiguration;
			buildSettings = {
				ALWAYS_SEARCH_USER_PATHS = NO;
				CLANG_ANALYZER_NONNULL = YES;
				CLANG_ANALYZER_NUMBER_OBJECT_CONVERSION = YES_AGGRESSIVE;
				CLANG_CXX_LANGUAGE_STANDARD = "gnu++0x";
				CLANG_CXX_LIBRARY = "libc++";
				CLANG_ENABLE_MODULES = YES;
				CLANG_ENABLE_OBJC_ARC = YES;
				CLANG_WARN_BOOL_CONVERSION = YES;
				CLANG_WARN_CONSTANT_CONVERSION = YES;
				CLANG_WARN_DIRECT_OBJC_ISA_USAGE = YES_ERROR;
				CLANG_WARN_DOCUMENTATION_COMMENTS = YES;
				CLANG_WARN_EMPTY_BODY = YES;
				CLANG_WARN_ENUM_CONVERSION = YES;
				CLANG_WARN_INFINITE_RECURSION = YES;
				CLANG_WARN_INT_CONVERSION = YES;
				CLANG_WARN_OBJC_ROOT_CLASS = YES_ERROR;
				CLANG_WARN_SUSPICIOUS_MOVE = YES;
				CLANG_WARN_UNREACHABLE_CODE = YES;
				CLANG_WARN__DUPLICATE_METHOD_MATCH = YES;
				"CODE_SIGN_IDENTITY[sdk=iphoneos*]" = "iPhone Developer";
				COPY_PHASE_STRIP = NO;
				DEBUG_INFORMATION_FORMAT = dwarf;
				ENABLE_STRICT_OBJC_MSGSEND = YES;
				ENABLE_TESTABILITY = YES;
				GCC_C_LANGUAGE_STANDARD = gnu99;
				GCC_DYNAMIC_NO_PIC = NO;
				GCC_NO_COMMON_BLOCKS = YES;
				GCC_OPTIMIZATION_LEVEL = 0;
				GCC_PREPROCESSOR_DEFINITIONS = (
					"DEBUG=1",
					"$(inherited)",
				);
				GCC_WARN_64_TO_32_BIT_CONVERSION = YES;
				GCC_WARN_ABOUT_RETURN_TYPE = YES_ERROR;
				GCC_WARN_UNDECLARED_SELECTOR = YES;
				GCC_WARN_UNINITIALIZED_AUTOS = YES_AGGRESSIVE;
				GCC_WARN_UNUSED_FUNCTION = YES;
				GCC_WARN_UNUSED_VARIABLE = YES;
				IPHONEOS_DEPLOYMENT_TARGET = 10.3;
				MTL_ENABLE_DEBUG_INFO = YES;
				ONLY_ACTIVE_ARCH = YES;
				SDKROOT = iphoneos;
				TARGETED_DEVICE_FAMILY = "1,2";
			};
			name = Debug;
		};
		6786AF431F57E2D400535140 /* Release */ = {
			isa = XCBuildConfiguration;
			buildSettings = {
				ALWAYS_SEARCH_USER_PATHS = NO;
				CLANG_ANALYZER_NONNULL = YES;
				CLANG_ANALYZER_NUMBER_OBJECT_CONVERSION = YES_AGGRESSIVE;
				CLANG_CXX_LANGUAGE_STANDARD = "gnu++0x";
				CLANG_CXX_LIBRARY = "libc++";
				CLANG_ENABLE_MODULES = YES;
				CLANG_ENABLE_OBJC_ARC = YES;
				CLANG_WARN_BOOL_CONVERSION = YES;
				CLANG_WARN_CONSTANT_CONVERSION = YES;
				CLANG_WARN_DIRECT_OBJC_ISA_USAGE = YES_ERROR;
				CLANG_WARN_DOCUMENTATION_COMMENTS = YES;
				CLANG_WARN_EMPTY_BODY = YES;
				CLANG_WARN_ENUM_CONVERSION = YES;
				CLANG_WARN_INFINITE_RECURSION = YES;
				CLANG_WARN_INT_CONVERSION = YES;
				CLANG_WARN_OBJC_ROOT_CLASS = YES_ERROR;
				CLANG_WARN_SUSPICIOUS_MOVE = YES;
				CLANG_WARN_UNREACHABLE_CODE = YES;
				CLANG_WARN__DUPLICATE_METHOD_MATCH = YES;
				"CODE_SIGN_IDENTITY[sdk=iphoneos*]" = "iPhone Developer";
				COPY_PHASE_STRIP = NO;
				DEBUG_INFORMATION_FORMAT = "dwarf-with-dsym";
				ENABLE_NS_ASSERTIONS = NO;
				ENABLE_STRICT_OBJC_MSGSEND = YES;
				GCC_C_LANGUAGE_STANDARD = gnu99;
				GCC_NO_COMMON_BLOCKS = YES;
				GCC_WARN_64_TO_32_BIT_CONVERSION = YES;
				GCC_WARN_ABOUT_RETURN_TYPE = YES_ERROR;
				GCC_WARN_UNDECLARED_SELECTOR = YES;
				GCC_WARN_UNINITIALIZED_AUTOS = YES_AGGRESSIVE;
				GCC_WARN_UNUSED_FUNCTION = YES;
				GCC_WARN_UNUSED_VARIABLE = YES;
				IPHONEOS_DEPLOYMENT_TARGET = 10.3;
				MTL_ENABLE_DEBUG_INFO = NO;
				SDKROOT = iphoneos;
				TARGETED_DEVICE_FAMILY = "1,2";
				VALIDATE_PRODUCT = YES;
			};
			name = Release;
		};
		6786AF451F57E2D400535140 /* Debug */ = {
			isa = XCBuildConfiguration;
			buildSettings = {
				ASSETCATALOG_COMPILER_APPICON_NAME = AppIcon;
				INFOPLIST_FILE = ProgresssLineLayerDemo/Info.plist;
				LD_RUNPATH_SEARCH_PATHS = "$(inherited) @executable_path/Frameworks";
				PRODUCT_BUNDLE_IDENTIFIER = "--.ProgresssLineLayerDemo";
				PRODUCT_NAME = "$(TARGET_NAME)";
			};
			name = Debug;
		};
		6786AF461F57E2D400535140 /* Release */ = {
			isa = XCBuildConfiguration;
			buildSettings = {
				ASSETCATALOG_COMPILER_APPICON_NAME = AppIcon;
				INFOPLIST_FILE = ProgresssLineLayerDemo/Info.plist;
				LD_RUNPATH_SEARCH_PATHS = "$(inherited) @executable_path/Frameworks";
				PRODUCT_BUNDLE_IDENTIFIER = "--.ProgresssLineLayerDemo";
				PRODUCT_NAME = "$(TARGET_NAME)";
			};
			name = Release;
		};
		6786AF481F57E2D400535140 /* Debug */ = {
			isa = XCBuildConfiguration;
			buildSettings = {
				BUNDLE_LOADER = "$(TEST_HOST)";
				INFOPLIST_FILE = ProgresssLineLayerDemoTests/Info.plist;
				LD_RUNPATH_SEARCH_PATHS = "$(inherited) @executable_path/Frameworks @loader_path/Frameworks";
				PRODUCT_BUNDLE_IDENTIFIER = "--.ProgresssLineLayerDemoTests";
				PRODUCT_NAME = "$(TARGET_NAME)";
				TEST_HOST = "$(BUILT_PRODUCTS_DIR)/ProgresssLineLayerDemo.app/ProgresssLineLayerDemo";
			};
			name = Debug;
		};
		6786AF491F57E2D400535140 /* Release */ = {
			isa = XCBuildConfiguration;
			buildSettings = {
				BUNDLE_LOADER = "$(TEST_HOST)";
				INFOPLIST_FILE = ProgresssLineLayerDemoTests/Info.plist;
				LD_RUNPATH_SEARCH_PATHS = "$(inherited) @executable_path/Frameworks @loader_path/Frameworks";
				PRODUCT_BUNDLE_IDENTIFIER = "--.ProgresssLineLayerDemoTests";
				PRODUCT_NAME = "$(TARGET_NAME)";
				TEST_HOST = "$(BUILT_PRODUCTS_DIR)/ProgresssLineLayerDemo.app/ProgresssLineLayerDemo";
			};
			name = Release;
		};
		6786AF4B1F57E2D400535140 /* Debug */ = {
			isa = XCBuildConfiguration;
			buildSettings = {
				INFOPLIST_FILE = ProgresssLineLayerDemoUITests/Info.plist;
				LD_RUNPATH_SEARCH_PATHS = "$(inherited) @executable_path/Frameworks @loader_path/Frameworks";
				PRODUCT_BUNDLE_IDENTIFIER = "--.ProgresssLineLayerDemoUITests";
				PRODUCT_NAME = "$(TARGET_NAME)";
				TEST_TARGET_NAME = ProgresssLineLayerDemo;
			};
			name = Debug;
		};
		6786AF4C1F57E2D400535140 /* Release */ = {
			isa = XCBuildConfiguration;
			buildSettings = {
				INFOPLIST_FILE = ProgresssLineLayerDemoUITests/Info.plist;
				LD_RUNPATH_SEARCH_PATHS = "$(inherited) @executable_path/Frameworks @loader_path/Frameworks";
				PRODUCT_BUNDLE_IDENTIFIER = "--.ProgresssLineLayerDemoUITests";
				PRODUCT_NAME = "$(TARGET_NAME)";
				TEST_TARGET_NAME = ProgresssLineLayerDemo;
			};
			name = Release;
		};
/* End XCBuildConfiguration section */

/* Begin XCConfigurationList section */
		6786AF121F57E2D400535140 /* Build configuration list for PBXProject "ProgresssLineLayerDemo" */ = {
			isa = XCConfigurationList;
			buildConfigurations = (
				6786AF421F57E2D400535140 /* Debug */,
				6786AF431F57E2D400535140 /* Release */,
			);
			defaultConfigurationIsVisible = 0;
			defaultConfigurationName = Release;
		};
		6786AF441F57E2D400535140 /* Build configuration list for PBXNativeTarget "ProgresssLineLayerDemo" */ = {
			isa = XCConfigurationList;
			buildConfigurations = (
				6786AF451F57E2D400535140 /* Debug */,
				6786AF461F57E2D400535140 /* Release */,
			);
			defaultConfigurationIsVisible = 0;
		};
		6786AF471F57E2D400535140 /* Build configuration list for PBXNativeTarget "ProgresssLineLayerDemoTests" */ = {
			isa = XCConfigurationList;
			buildConfigurations = (
				6786AF481F57E2D400535140 /* Debug */,
				6786AF491F57E2D400535140 /* Release */,
			);
			defaultConfigurationIsVisible = 0;
		};
		6786AF4A1F57E2D400535140 /* Build configuration list for PBXNativeTarget "ProgresssLineLayerDemoUITests" */ = {
			isa = XCConfigurationList;
			buildConfigurations = (
				6786AF4B1F57E2D400535140 /* Debug */,
				6786AF4C1F57E2D400535140 /* Release */,
			);
			defaultConfigurationIsVisible = 0;
		};
/* End XCConfigurationList section */
	};
	rootObject = 6786AF0F1F57E2D400535140 /* Project object */;
}
